Microsoft Visual Studio Solution File, Format Version 12.00
# Visual Studio Version 17
VisualStudioVersion = 17.5.2.0
MinimumVisualStudioVersion = 10.0.40219.1
Project("{FAE04EC0-301F-11D3-BF4B-00C04F79EFBC}") = "PhoneBookApp", "PhoneBookApp.csproj", "{A927A1C9-082E-E014-423F-BDF80BC0E912}"
EndProject
Global
	GlobalSection(SolutionConfigurationPlatforms) = preSolution
		Debug|Any CPU = Debug|Any CPU
		Release|Any CPU = Release|Any CPU
	EndGlobalSection
	GlobalSection(ProjectConfigurationPlatforms) = postSolution
		{A927A1C9-082E-E014-423F-BDF80BC0E912}.Debug|Any CPU.ActiveCfg = Debug|Any CPU
		{A927A1C9-082E-E014-423F-BDF80BC0E912}.Debug|Any CPU.Build.0 = Debug|Any CPU
		{A927A1C9-082E-E014-423F-BDF80BC0E912}.Release|Any CPU.ActiveCfg = Release|Any CPU
		{A927A1C9-082E-E014-423F-BDF80BC0E912}.Release|Any CPU.Build.0 = Release|Any CPU
	EndGlobalSection
	GlobalSection(SolutionProperties) = preSolution
		HideSolutionNode = FALSE
	EndGlobalSection
	GlobalSection(ExtensibilityGlobals) = postSolution
		SolutionGuid = {96769D51-9BEA-4749-9A30-DBC9BA336163}
	EndGlobalSection
EndGlobal
